
Microsoft Visual Studio Solution File, Format Version 12.00
# Visual Studio 15
VisualStudioVersion = 15.0.28307.489
MinimumVisualStudioVersion = 10.0.40219.1
Project("{FAE04EC0-301F-11D3-BF4B-00C04F79EFBC}") = "BlockChecker", "BlockChecker\BlockChecker.csproj", "{AD375DC5-7486-422E-A5CF-7664DE05E80E}"
EndProject
Global
	GlobalSection(SolutionConfigurationPlatforms) = preSolution
		Debug|Any CPU = Debug|Any CPU
		Release|Any CPU = Release|Any CPU
	EndGlobalSection
	GlobalSection(ProjectConfigurationPlatforms) = postSolution
		{AD375DC5-7486-422E-A5CF-7664DE05E80E}.Debug|Any CPU.ActiveCfg = Debug|Any CPU
		{AD375DC5-7486-422E-A5CF-7664DE05E80E}.Debug|Any CPU.Build.0 = Debug|Any CPU
		{AD375DC5-7486-422E-A5CF-7664DE05E80E}.Release|Any CPU.ActiveCfg = Release|Any CPU
		{AD375DC5-7486-422E-A5CF-7664DE05E80E}.Release|Any CPU.Build.0 = Release|Any CPU
	EndGlobalSection
	GlobalSection(SolutionProperties) = preSolution
		HideSolutionNode = FALSE
	EndGlobalSection
	GlobalSection(ExtensibilityGlobals) = postSolution
		SolutionGuid = {30DD0517-5033-4B2D-A084-FF1358F08560}
	EndGlobalSection
EndGlobal
